
Microsoft Visual Studio Solution File, Format Version 12.00
# Visual Studio Version 17
VisualStudioVersion = 17.11.35222.181
MinimumVisualStudioVersion = 10.0.40219.1
Project("{8BC9CEB8-8B4A-11D0-8D11-00A0C91BC942}") = "Graphs", "Graphs.vcxproj", "{95107C85-8913-4CA9-B30E-0B635940DE4E}"
EndProject
Global
	GlobalSection(SolutionConfigurationPlatforms) = preSolution
		Debug|x64 = Debug|x64
		Debug|x86 = Debug|x86
		Release|x64 = Release|x64
		Release|x86 = Release|x86
	EndGlobalSection
	GlobalSection(ProjectConfigurationPlatforms) = postSolution
		{95107C85-8913-4CA9-B30E-0B635940DE4E}.Debug|x64.ActiveCfg = Debug|x64
		{95107C85-8913-4CA9-B30E-0B635940DE4E}.Debug|x64.Build.0 = Debug|x64
		{95107C85-8913-4CA9-B30E-0B635940DE4E}.Debug|x86.ActiveCfg = Debug|Win32
		{95107C85-8913-4CA9-B30E-0B635940DE4E}.Debug|x86.Build.0 = Debug|Win32
		{95107C85-8913-4CA9-B30E-0B635940DE4E}.Release|x64.ActiveCfg = Release|x64
		{95107C85-8913-4CA9-B30E-0B635940DE4E}.Release|x64.Build.0 = Release|x64
		{95107C85-8913-4CA9-B30E-0B635940DE4E}.Release|x86.ActiveCfg = Release|Win32
		{95107C85-8913-4CA9-B30E-0B635940DE4E}.Release|x86.Build.0 = Release|Win32
	EndGlobalSection
	GlobalSection(SolutionProperties) = preSolution
		HideSolutionNode = FALSE
	EndGlobalSection
	GlobalSection(ExtensibilityGlobals) = postSolution
		SolutionGuid = {66F7B23C-EB3F-40CA-95C3-F96AB3A7B262}
	EndGlobalSection
EndGlobal
